
Microsoft Visual Studio Solution File, Format Version 12.00
# Visual Studio Version 16
VisualStudioVersion = 16.0.30907.101
MinimumVisualStudioVersion = 10.0.40219.1
Project("{FAE04EC0-301F-11D3-BF4B-00C04F79EFBC}") = "currencyTracker", "currencyTracker\currencyTracker.csproj", "{4FFFA84D-1A46-4413-A22F-218E6BE69B83}"
EndProject
Global
	GlobalSection(SolutionConfigurationPlatforms) = preSolution
		Debug|Any CPU = Debug|Any CPU
		Release|Any CPU = Release|Any CPU
	EndGlobalSection
	GlobalSection(ProjectConfigurationPlatforms) = postSolution
		{4FFFA84D-1A46-4413-A22F-218E6BE69B83}.Debug|Any CPU.ActiveCfg = Debug|Any CPU
		{4FFFA84D-1A46-4413-A22F-218E6BE69B83}.Debug|Any CPU.Build.0 = Debug|Any CPU
		{4FFFA84D-1A46-4413-A22F-218E6BE69B83}.Release|Any CPU.ActiveCfg = Release|Any CPU
		{4FFFA84D-1A46-4413-A22F-218E6BE69B83}.Release|Any CPU.Build.0 = Release|Any CPU
	EndGlobalSection
	GlobalSection(SolutionProperties) = preSolution
		HideSolutionNode = FALSE
	EndGlobalSection
	GlobalSection(ExtensibilityGlobals) = postSolution
		SolutionGuid = {2C5A794A-D1D2-4BE2-B2BE-B8A9F94EB7D3}
	EndGlobalSection
EndGlobal
